
Microsoft Visual Studio Solution File, Format Version 12.00
# Visual Studio Version 17
VisualStudioVersion = 17.3.32825.248
MinimumVisualStudioVersion = 10.0.40219.1
Project("{9A19103F-16F7-4668-BE54-9A1E7A4F7556}") = "Profile.Api", "Profile.Api\Profile.Api.csproj", "{A5E5432F-4847-451E-A060-1E094796D759}"
EndProject
Project("{9A19103F-16F7-4668-BE54-9A1E7A4F7556}") = "Profile.Domain", "Profile.Domain\Profile.Domain.csproj", "{BC29B842-EDD0-4A45-B0FA-D8B1EBDCC68E}"
EndProject
Project("{9A19103F-16F7-4668-BE54-9A1E7A4F7556}") = "Profile.Infrastructure", "Profile.Infrastructure\Profile.Infrastructure.csproj", "{C4D1A70B-A8D8-42F4-B1E3-EF12F8FE9D23}"
EndProject
Project("{9A19103F-16F7-4668-BE54-9A1E7A4F7556}") = "Profile.Service", "Profile.Service\Profile.Service.csproj", "{17731E85-CCB7-45E4-AE3A-9FBFA40AB13A}"
EndProject
Project("{9A19103F-16F7-4668-BE54-9A1E7A4F7556}") = "Profile.UnitTests", "Profile.UnitTests\Profile.UnitTests.csproj", "{36F49DB8-8C53-4468-B988-BDDC77A498CB}"
EndProject
Global
	GlobalSection(SolutionConfigurationPlatforms) = preSolution
		Debug|Any CPU = Debug|Any CPU
		Release|Any CPU = Release|Any CPU
	EndGlobalSection
	GlobalSection(ProjectConfigurationPlatforms) = postSolution
		{A5E5432F-4847-451E-A060-1E094796D759}.Debug|Any CPU.ActiveCfg = Debug|Any CPU
		{A5E5432F-4847-451E-A060-1E094796D759}.Debug|Any CPU.Build.0 = Debug|Any CPU
		{A5E5432F-4847-451E-A060-1E094796D759}.Release|Any CPU.ActiveCfg = Release|Any CPU
		{A5E5432F-4847-451E-A060-1E094796D759}.Release|Any CPU.Build.0 = Release|Any CPU
		{BC29B842-EDD0-4A45-B0FA-D8B1EBDCC68E}.Debug|Any CPU.ActiveCfg = Debug|Any CPU
		{BC29B842-EDD0-4A45-B0FA-D8B1EBDCC68E}.Debug|Any CPU.Build.0 = Debug|Any CPU
		{BC29B842-EDD0-4A45-B0FA-D8B1EBDCC68E}.Release|Any CPU.ActiveCfg = Release|Any CPU
		{BC29B842-EDD0-4A45-B0FA-D8B1EBDCC68E}.Release|Any CPU.Build.0 = Release|Any CPU
		{C4D1A70B-A8D8-42F4-B1E3-EF12F8FE9D23}.Debug|Any CPU.ActiveCfg = Debug|Any CPU
		{C4D1A70B-A8D8-42F4-B1E3-EF12F8FE9D23}.Debug|Any CPU.Build.0 = Debug|Any CPU
		{C4D1A70B-A8D8-42F4-B1E3-EF12F8FE9D23}.Release|Any CPU.ActiveCfg = Release|Any CPU
		{C4D1A70B-A8D8-42F4-B1E3-EF12F8FE9D23}.Release|Any CPU.Build.0 = Release|Any CPU
		{17731E85-CCB7-45E4-AE3A-9FBFA40AB13A}.Debug|Any CPU.ActiveCfg = Debug|Any CPU
		{17731E85-CCB7-45E4-AE3A-9FBFA40AB13A}.Debug|Any CPU.Build.0 = Debug|Any CPU
		{17731E85-CCB7-45E4-AE3A-9FBFA40AB13A}.Release|Any CPU.ActiveCfg = Release|Any CPU
		{17731E85-CCB7-45E4-AE3A-9FBFA40AB13A}.Release|Any CPU.Build.0 = Release|Any CPU
		{36F49DB8-8C53-4468-B988-BDDC77A498CB}.Debug|Any CPU.ActiveCfg = Debug|Any CPU
		{36F49DB8-8C53-4468-B988-BDDC77A498CB}.Debug|Any CPU.Build.0 = Debug|Any CPU
		{36F49DB8-8C53-4468-B988-BDDC77A498CB}.Release|Any CPU.ActiveCfg = Release|Any CPU
		{36F49DB8-8C53-4468-B988-BDDC77A498CB}.Release|Any CPU.Build.0 = Release|Any CPU
	EndGlobalSection
	GlobalSection(SolutionProperties) = preSolution
		HideSolutionNode = FALSE
	EndGlobalSection
	GlobalSection(ExtensibilityGlobals) = postSolution
		SolutionGuid = {F9B01812-2820-46E6-B2B6-9C57CE18E098}
	EndGlobalSection
EndGlobal
